// !$*UTF8*$!
{
	archiveVersion = 1;
	classes = {
	};
	objectVersion = 77;
	objects = {

/* Begin PBXBuildFile section */
		A725F1C12F4DAACB005BC977 /* nrfMatter.appex in Embed Foundation Extensions */ = {isa = PBXBuildFile; fileRef = A725F1BA2F4DAACB005BC977 /* nrfMatter.appex */; settings = {ATTRIBUTES = (RemoveHeadersOnCopy, ); }; };
		A7DEDDC12FA8A80D00196D69 /* Pulse in Frameworks */ = {isa = PBXBuildFile; productRef = A7DEDDC02FA8A80D00196D69 /* Pulse */; };
		C1DEA1010000000000000001 /* Pulse in Frameworks */ = {isa = PBXBuildFile; productRef = A7DEDDC02FA8A80D00196D69 /* Pulse */; };
/* End PBXBuildFile section */

/* Begin PBXContainerItemProxy section */
		A725F1BF2F4DAACB005BC977 /* PBXContainerItemProxy */ = {
			isa = PBXContainerItemProxy;
			containerPortal = 1D3437AFA1B1BD836742FA45 /* Project object */;
			proxyType = 1;
			remoteGlobalIDString = A725F1B92F4DAACB005BC977;
			remoteInfo = nrfMatter;
		};
		A7B81C542FF7EAA0000AF7E4 /* PBXContainerItemProxy */ = {
			isa = PBXContainerItemProxy;
			containerPortal = 1D3437AFA1B1BD836742FA45 /* Project object */;
			proxyType = 1;
			remoteGlobalIDString = 7A7259E03000A3A7C58EDE9B;
			remoteInfo = iosApp;
		};
/* End PBXContainerItemProxy section */

/* Begin PBXCopyFilesBuildPhase section */
		A725F1C62F4DAACB005BC977 /* Embed Foundation Extensions */ = {
			isa = PBXCopyFilesBuildPhase;
			buildActionMask = 2147483647;
			dstPath = "";
			dstSubfolderSpec = 13;
			files = (
				A725F1C12F4DAACB005BC977 /* nrfMatter.appex in Embed Foundation Extensions */,
			);
			name = "Embed Foundation Extensions";
			runOnlyForDeploymentPostprocessing = 0;
		};
/* End PBXCopyFilesBuildPhase section */

/* Begin PBXFileReference section */
		503AE3C9DDF68C5089274E2D /* NRFMatterforMobile.app */ = {isa = PBXFileReference; explicitFileType = wrapper.application; includeInIndex = 0; path = NRFMatterforMobile.app; sourceTree = BUILT_PRODUCTS_DIR; };
		A725F1BA2F4DAACB005BC977 /* nrfMatter.appex */ = {isa = PBXFileReference; explicitFileType = "wrapper.app-extension"; includeInIndex = 0; path = nrfMatter.appex; sourceTree = BUILT_PRODUCTS_DIR; };
		A7B81C4E2FF7EAA0000AF7E4 /* iosAppUITests.xctest */ = {isa = PBXFileReference; explicitFileType = wrapper.cfbundle; includeInIndex = 0; path = iosAppUITests.xctest; sourceTree = BUILT_PRODUCTS_DIR; };
		A7E6449730120E2D008E8546 /* Pulse.xcodeproj */ = {isa = PBXFileReference; lastKnownFileType = "wrapper.pb-project"; path = Pulse.xcodeproj; sourceTree = "<group>"; };
/* End PBXFileReference section */

/* Begin PBXFileSystemSynchronizedBuildFileExceptionSet section */
		46072B59AF6B39A6C5268BCD /* Exceptions for "iosApp" folder in "iosApp" target */ = {
			isa = PBXFileSystemSynchronizedBuildFileExceptionSet;
			membershipExceptions = (
				Info.plist,
			);
			target = 7A7259E03000A3A7C58EDE9B /* iosApp */;
		};
		A725F1C52F4DAACB005BC977 /* Exceptions for "nrfMatter" folder in "nrfMatter" target */ = {
			isa = PBXFileSystemSynchronizedBuildFileExceptionSet;
			membershipExceptions = (
				Info.plist,
			);
			target = A725F1B92F4DAACB005BC977 /* nrfMatter */;
		};
/* End PBXFileSystemSynchronizedBuildFileExceptionSet section */

/* Begin PBXFileSystemSynchronizedRootGroup section */
		208BF3748A4E27EC7D0D131C /* iosApp */ = {
			isa = PBXFileSystemSynchronizedRootGroup;
			exceptions = (
				46072B59AF6B39A6C5268BCD /* Exceptions for "iosApp" folder in "iosApp" target */,
			);
			path = iosApp;
			sourceTree = "<group>";
		};
		924494A307E640B6954B6B71 /* Configuration */ = {
			isa = PBXFileSystemSynchronizedRootGroup;
			path = Configuration;
			sourceTree = "<group>";
		};
		A7228F212FD844A4009CC829 /* ../composeApp/src */ = {
			isa = PBXFileSystemSynchronizedRootGroup;
			path = ../composeApp/src;
			sourceTree = SOURCE_ROOT;
		};
		A725F1BB2F4DAACB005BC977 /* nrfMatter */ = {
			isa = PBXFileSystemSynchronizedRootGroup;
			exceptions = (
				A725F1C52F4DAACB005BC977 /* Exceptions for "nrfMatter" folder in "nrfMatter" target */,
			);
			path = nrfMatter;
			sourceTree = "<group>";
		};
		A75B95482F58845E00902BE8 /* SharedCode */ = {
			isa = PBXFileSystemSynchronizedRootGroup;
			path = SharedCode;
			sourceTree = "<group>";
		};
		A7B81C4F2FF7EAA0000AF7E4 /* iosAppUITests */ = {
			isa = PBXFileSystemSynchronizedRootGroup;
			path = iosAppUITests;
			sourceTree = "<group>";
		};
		A7B81D7B2FF7F45D000AF7E4 /* fastlane */ = {
			isa = PBXFileSystemSynchronizedRootGroup;
			path = fastlane;
			sourceTree = "<group>";
		};
		A7B81D812FF7F490000AF7E4 /* screenshots */ = {
			isa = PBXFileSystemSynchronizedRootGroup;
			path = screenshots;
			sourceTree = "<group>";
		};
		FFD8DE64707E49B3557648E5 /* iosDeps */ = {
			isa = PBXFileSystemSynchronizedRootGroup;
			path = iosDeps;
			sourceTree = "<group>";
		};
/* End PBXFileSystemSynchronizedRootGroup section */

/* Begin PBXFrameworksBuildPhase section */
		2C13C12BF37A24BB21B136C1 /* Frameworks */ = {
			isa = PBXFrameworksBuildPhase;
			buildActionMask = 2147483647;
			files = (
				A7DEDDC12FA8A80D00196D69 /* Pulse in Frameworks */,
			);
			runOnlyForDeploymentPostprocessing = 0;
		};
		A725F1B72F4DAACB005BC977 /* Frameworks */ = {
			isa = PBXFrameworksBuildPhase;
			buildActionMask = 2147483647;
			files = (
				C1DEA1010000000000000001 /* Pulse in Frameworks */,
			);
			runOnlyForDeploymentPostprocessing = 0;
		};
		A7B81C4B2FF7EAA0000AF7E4 /* Frameworks */ = {
			isa = PBXFrameworksBuildPhase;
			buildActionMask = 2147483647;
			files = (
			);
			runOnlyForDeploymentPostprocessing = 0;
		};
/* End PBXFrameworksBuildPhase section */

/* Begin PBXGroup section */
		5A2551E95002C7375D5F5A16 /* Products */ = {
			isa = PBXGroup;
			children = (
				503AE3C9DDF68C5089274E2D /* NRFMatterforMobile.app */,
				A725F1BA2F4DAACB005BC977 /* nrfMatter.appex */,
				A7B81C4E2FF7EAA0000AF7E4 /* iosAppUITests.xctest */,
			);
			name = Products;
			sourceTree = "<group>";
		};
		7A153F9AB70F98838999796F = {
			isa = PBXGroup;
			children = (
				A7B81D812FF7F490000AF7E4 /* screenshots */,
				A7B81D7B2FF7F45D000AF7E4 /* fastlane */,
				A7228F212FD844A4009CC829 /* ../composeApp/src */,
				924494A307E640B6954B6B71 /* Configuration */,
				208BF3748A4E27EC7D0D131C /* iosApp */,
				A725F1BB2F4DAACB005BC977 /* nrfMatter */,
				A75B95482F58845E00902BE8 /* SharedCode */,
				A7B81C4F2FF7EAA0000AF7E4 /* iosAppUITests */,
				A75B953C2F5883D900902BE8 /* Frameworks */,
				5A2551E95002C7375D5F5A16 /* Products */,
				FFD8DE64707E49B3557648E5 /* iosDeps */,
			);
			sourceTree = "<group>";
		};
		A75B953C2F5883D900902BE8 /* Frameworks */ = {
			isa = PBXGroup;
			children = (
			);
			name = Frameworks;
			sourceTree = "<group>";
		};
		A7E6458B30120E2D008E8546 /* Products */ = {
			isa = PBXGroup;
			children = (
			);
			name = Products;
			sourceTree = "<group>";
		};
/* End PBXGroup section */

/* Begin PBXNativeTarget section */
		7A7259E03000A3A7C58EDE9B /* iosApp */ = {
			isa = PBXNativeTarget;
			buildConfigurationList = E01658620AD5782A7A5000C4 /* Build configuration list for PBXNativeTarget "iosApp" */;
			buildPhases = (
				CDF8714A2AA6774EF55697B2 /* Compile Kotlin Framework */,
				7891664070B05121C5FF71AA /* Sources */,
				2C13C12BF37A24BB21B136C1 /* Frameworks */,
				FE4039EABDDF65A40A74A283 /* Resources */,
				A725F1C62F4DAACB005BC977 /* Embed Foundation Extensions */,
				A7B6EDB52F697C4D00E65235 /* ShellScript */,
				899AFCC0CFB775A3E9481780 /* Set Version From Git Tag */,
			);
			buildRules = (
			);
			dependencies = (
				A725F1C02F4DAACB005BC977 /* PBXTargetDependency */,
			);
			fileSystemSynchronizedGroups = (
				208BF3748A4E27EC7D0D131C /* iosApp */,
				A75B95482F58845E00902BE8 /* SharedCode */,
			);
			name = iosApp;
			packageProductDependencies = (
				A7DEDDC02FA8A80D00196D69 /* Pulse */,
			);
			productName = iosApp;
			productReference = 503AE3C9DDF68C5089274E2D /* NRFMatterforMobile.app */;
			productType = "com.apple.product-type.application";
		};
		A725F1B92F4DAACB005BC977 /* nrfMatter */ = {
			isa = PBXNativeTarget;
			buildConfigurationList = A725F1C22F4DAACB005BC977 /* Build configuration list for PBXNativeTarget "nrfMatter" */;
			buildPhases = (
				A725F1B62F4DAACB005BC977 /* Sources */,
				A725F1B72F4DAACB005BC977 /* Frameworks */,
				A725F1B82F4DAACB005BC977 /* Resources */,
				611BC51B9CF47FD1B9853A11 /* Set Version From Git Tag */,
			);
			buildRules = (
			);
			dependencies = (
			);
			fileSystemSynchronizedGroups = (
				A725F1BB2F4DAACB005BC977 /* nrfMatter */,
				A75B95482F58845E00902BE8 /* SharedCode */,
			);
			name = nrfMatter;
			packageProductDependencies = (
				A7DEDDC02FA8A80D00196D69 /* Pulse */,
			);
			productName = nrfMatter;
			productReference = A725F1BA2F4DAACB005BC977 /* nrfMatter.appex */;
			productType = "com.apple.product-type.app-extension";
		};
		A7B81C4D2FF7EAA0000AF7E4 /* iosAppUITests */ = {
			isa = PBXNativeTarget;
			buildConfigurationList = A7B81C562FF7EAA0000AF7E4 /* Build configuration list for PBXNativeTarget "iosAppUITests" */;
			buildPhases = (
				A7B81C4A2FF7EAA0000AF7E4 /* Sources */,
				A7B81C4B2FF7EAA0000AF7E4 /* Frameworks */,
				A7B81C4C2FF7EAA0000AF7E4 /* Resources */,
			);
			buildRules = (
			);
			dependencies = (
				A7B81C552FF7EAA0000AF7E4 /* PBXTargetDependency */,
			);
			fileSystemSynchronizedGroups = (
				A7B81C4F2FF7EAA0000AF7E4 /* iosAppUITests */,
			);
			name = iosAppUITests;
			productName = iosAppUITests;
			productReference = A7B81C4E2FF7EAA0000AF7E4 /* iosAppUITests.xctest */;
			productType = "com.apple.product-type.bundle.ui-testing";
		};
/* End PBXNativeTarget section */

/* Begin PBXProject section */
		1D3437AFA1B1BD836742FA45 /* Project object */ = {
			isa = PBXProject;
			attributes = {
				BuildIndependentTargetsInParallel = 1;
				LastSwiftUpdateCheck = 2660;
				LastUpgradeCheck = 2620;
				TargetAttributes = {
					7A7259E03000A3A7C58EDE9B = {
						CreatedOnToolsVersion = 16.2;
					};
					A725F1B92F4DAACB005BC977 = {
						CreatedOnToolsVersion = 26.2;
					};
					A7B81C4D2FF7EAA0000AF7E4 = {
						CreatedOnToolsVersion = 26.6;
						TestTargetID = 7A7259E03000A3A7C58EDE9B;
					};
				};
			};
			buildConfigurationList = 9B9888AF81B0BE32C7AB8636 /* Build configuration list for PBXProject "iosApp" */;
			developmentRegion = en;
			hasScannedForEncodings = 0;
			knownRegions = (
				en,
				Base,
			);
			mainGroup = 7A153F9AB70F98838999796F;
			minimizedProjectReferenceProxies = 1;
			packageReferences = (
				A7DEDDBF2FA8A80D00196D69 /* XCRemoteSwiftPackageReference "Pulse" */,
			);
			preferredProjectObjectVersion = 77;
			productRefGroup = 5A2551E95002C7375D5F5A16 /* Products */;
			projectDirPath = "";
			projectReferences = (
				{
					ProductGroup = A7E6458B30120E2D008E8546 /* Products */;
					ProjectRef = A7E6449730120E2D008E8546 /* Pulse.xcodeproj */;
				},
			);
			projectRoot = "";
			targets = (
				7A7259E03000A3A7C58EDE9B /* iosApp */,
				A725F1B92F4DAACB005BC977 /* nrfMatter */,
				A7B81C4D2FF7EAA0000AF7E4 /* iosAppUITests */,
			);
		};
/* End PBXProject section */

/* Begin PBXResourcesBuildPhase section */
		A725F1B82F4DAACB005BC977 /* Resources */ = {
			isa = PBXResourcesBuildPhase;
			buildActionMask = 2147483647;
			files = (
			);
			runOnlyForDeploymentPostprocessing = 0;
		};
		A7B81C4C2FF7EAA0000AF7E4 /* Resources */ = {
			isa = PBXResourcesBuildPhase;
			buildActionMask = 2147483647;
			files = (
			);
			runOnlyForDeploymentPostprocessing = 0;
		};
		FE4039EABDDF65A40A74A283 /* Resources */ = {
			isa = PBXResourcesBuildPhase;
			buildActionMask = 2147483647;
			files = (
			);
			runOnlyForDeploymentPostprocessing = 0;
		};
/* End PBXResourcesBuildPhase section */

/* Begin PBXShellScriptBuildPhase section */
		611BC51B9CF47FD1B9853A11 /* Set Version From Git Tag */ = {
			isa = PBXShellScriptBuildPhase;
			alwaysOutOfDate = 1;
			buildActionMask = 2147483647;
			files = (
			);
			inputFileListPaths = (
			);
			inputPaths = (
				"$(SRCROOT)/Configuration/set_version_from_git.sh",
			);
			name = "Set Version From Git Tag";
			outputFileListPaths = (
			);
			outputPaths = (
			);
			runOnlyForDeploymentPostprocessing = 0;
			shellPath = /bin/sh;
			shellScript = "\"$SRCROOT/Configuration/set_version_from_git.sh\"\n";
		};
		899AFCC0CFB775A3E9481780 /* Set Version From Git Tag */ = {
			isa = PBXShellScriptBuildPhase;
			alwaysOutOfDate = 1;
			buildActionMask = 2147483647;
			files = (
			);
			inputFileListPaths = (
			);
			inputPaths = (
				"$(SRCROOT)/Configuration/set_version_from_git.sh",
			);
			name = "Set Version From Git Tag";
			outputFileListPaths = (
			);
			outputPaths = (
			);
			runOnlyForDeploymentPostprocessing = 0;
			shellPath = /bin/sh;
			shellScript = "\"$SRCROOT/Configuration/set_version_from_git.sh\"\n";
		};
		A7B6EDB52F697C4D00E65235 /* ShellScript */ = {
			isa = PBXShellScriptBuildPhase;
			alwaysOutOfDate = 1;
			buildActionMask = 12;
			files = (
			);
			inputFileListPaths = (
			);
			inputPaths = (
			);
			outputFileListPaths = (
			);
			outputPaths = (
			);
			runOnlyForDeploymentPostprocessing = 0;
			shellPath = /bin/sh;
			shellScript = "# Techo \"Removing wrongly embedded static framework...\"\nrm -rf \"${TARGET_BUILD_DIR}/${FRAMEWORKS_FOLDER_PATH}/GoogleHomeTypes.framework\"\n";
		};
		CDF8714A2AA6774EF55697B2 /* Compile Kotlin Framework */ = {
			isa = PBXShellScriptBuildPhase;
			alwaysOutOfDate = 1;
			buildActionMask = 2147483647;
			files = (
			);
			inputFileListPaths = (
			);
			inputPaths = (
			);
			name = "Compile Kotlin Framework";
			outputFileListPaths = (
			);
			outputPaths = (
			);
			runOnlyForDeploymentPostprocessing = 0;
			shellPath = /bin/sh;
			shellScript = "if [ \"YES\" = \"$OVERRIDE_KOTLIN_BUILD_IDE_SUPPORTED\" ]; then\n  echo \"Skipping Gradle build task invocation due to OVERRIDE_KOTLIN_BUILD_IDE_SUPPORTED environment variable set to \\\"YES\\\"\"\n  exit 0\nfi\ncd \"$SRCROOT/..\"\n./gradlew :shared:embedAndSignAppleFrameworkForXcode\n";
		};
/* End PBXShellScriptBuildPhase section */

/* Begin PBXSourcesBuildPhase section */
		7891664070B05121C5FF71AA /* Sources */ = {
			isa = PBXSourcesBuildPhase;
			buildActionMask = 2147483647;
			files = (
			);
			runOnlyForDeploymentPostprocessing = 0;
		};
		A725F1B62F4DAACB005BC977 /* Sources */ = {
			isa = PBXSourcesBuildPhase;
			buildActionMask = 2147483647;
			files = (
			);
			runOnlyForDeploymentPostprocessing = 0;
		};
		A7B81C4A2FF7EAA0000AF7E4 /* Sources */ = {
			isa = PBXSourcesBuildPhase;
			buildActionMask = 2147483647;
			files = (
			);
			runOnlyForDeploymentPostprocessing = 0;
		};
/* End PBXSourcesBuildPhase section */

/* Begin PBXTargetDependency section */
		A725F1C02F4DAACB005BC977 /* PBXTargetDependency */ = {
			isa = PBXTargetDependency;
			target = A725F1B92F4DAACB005BC977 /* nrfMatter */;
			targetProxy = A725F1BF2F4DAACB005BC977 /* PBXContainerItemProxy */;
		};
		A7B81C552FF7EAA0000AF7E4 /* PBXTargetDependency */ = {
			isa = PBXTargetDependency;
			target = 7A7259E03000A3A7C58EDE9B /* iosApp */;
			targetProxy = A7B81C542FF7EAA0000AF7E4 /* PBXContainerItemProxy */;
		};
/* End PBXTargetDependency section */

/* Begin XCBuildConfiguration section */
		1A8898E55ED825D0439EB64A /* Release */ = {
			isa = XCBuildConfiguration;
			baseConfigurationReferenceAnchor = 924494A307E640B6954B6B71 /* Configuration */;
			baseConfigurationReferenceRelativePath = Config.xcconfig;
			buildSettings = {
				ALWAYS_SEARCH_USER_PATHS = NO;
				ASSETCATALOG_COMPILER_GENERATE_SWIFT_ASSET_SYMBOL_EXTENSIONS = YES;
				CLANG_ANALYZER_NONNULL = YES;
				CLANG_ANALYZER_NUMBER_OBJECT_CONVERSION = YES_AGGRESSIVE;
				CLANG_CXX_LANGUAGE_STANDARD = "gnu++20";
				CLANG_ENABLE_MODULES = YES;
				CLANG_ENABLE_OBJC_ARC = YES;
				CLANG_ENABLE_OBJC_WEAK = YES;
				CLANG_WARN_BLOCK_CAPTURE_AUTORELEASING = YES;
				CLANG_WARN_BOOL_CONVERSION = YES;
				CLANG_WARN_COMMA = YES;
				CLANG_WARN_CONSTANT_CONVERSION = YES;
				CLANG_WARN_DEPRECATED_OBJC_IMPLEMENTATIONS = YES;
				CLANG_WARN_DIRECT_OBJC_ISA_USAGE = YES_ERROR;
				CLANG_WARN_DOCUMENTATION_COMMENTS = YES;
				CLANG_WARN_EMPTY_BODY = YES;
				CLANG_WARN_ENUM_CONVERSION = YES;
				CLANG_WARN_INFINITE_RECURSION = YES;
				CLANG_WARN_INT_CONVERSION = YES;
				CLANG_WARN_NON_LITERAL_NULL_CONVERSION = YES;
				CLANG_WARN_OBJC_IMPLICIT_RETAIN_SELF = YES;
				CLANG_WARN_OBJC_LITERAL_CONVERSION = YES;
				CLANG_WARN_OBJC_ROOT_CLASS = YES_ERROR;
				CLANG_WARN_QUOTED_INCLUDE_IN_FRAMEWORK_HEADER = YES;
				CLANG_WARN_RANGE_LOOP_ANALYSIS = YES;
				CLANG_WARN_STRICT_PROTOTYPES = YES;
				CLANG_WARN_SUSPICIOUS_MOVE = YES;
				CLANG_WARN_UNGUARDED_AVAILABILITY = YES_AGGRESSIVE;
				CLANG_WARN_UNREACHABLE_CODE = YES;
				CLANG_WARN__DUPLICATE_METHOD_MATCH = YES;
				COPY_PHASE_STRIP = NO;
				DEBUG_INFORMATION_FORMAT = "dwarf-with-dsym";
				DEVELOPMENT_TEAM = FMUM4YN89C;
				ENABLE_NS_ASSERTIONS = NO;
				ENABLE_STRICT_OBJC_MSGSEND = YES;
				ENABLE_USER_SCRIPT_SANDBOXING = NO;
				GCC_C_LANGUAGE_STANDARD = gnu17;
				GCC_NO_COMMON_BLOCKS = YES;
				GCC_WARN_64_TO_32_BIT_CONVERSION = YES;
				GCC_WARN_ABOUT_RETURN_TYPE = YES_ERROR;
				GCC_WARN_UNDECLARED_SELECTOR = YES;
				GCC_WARN_UNINITIALIZED_AUTOS = YES_AGGRESSIVE;
				GCC_WARN_UNUSED_FUNCTION = YES;
				GCC_WARN_UNUSED_VARIABLE = YES;
				IPHONEOS_DEPLOYMENT_TARGET = 26.0;
				LOCALIZATION_PREFERS_STRING_CATALOGS = YES;
				MTL_ENABLE_DEBUG_INFO = NO;
				MTL_FAST_MATH = YES;
				SDKROOT = iphoneos;
				STRING_CATALOG_GENERATE_SYMBOLS = YES;
				SWIFT_COMPILATION_MODE = wholemodule;
				VALIDATE_PRODUCT = YES;
			};
			name = Release;
		};
		776C57B1E0533A6AC0C8BDE1 /* Debug */ = {
			isa = XCBuildConfiguration;
			buildSettings = {
				ASSETCATALOG_COMPILER_APPICON_NAME = AppIcon;
				"ASSETCATALOG_COMPILER_APPICON_NAME[sdk=iphoneos*]" = AppIcon;
				ASSETCATALOG_COMPILER_GLOBAL_ACCENT_COLOR_NAME = AccentColor;
				ASSETCATALOG_COMPILER_INCLUDE_ALL_APPICON_ASSETS = YES;
				CODE_SIGN_ENTITLEMENTS = iosApp/iosApp.entitlements;
				CODE_SIGN_IDENTITY = "Apple Development";
				CODE_SIGN_STYLE = Automatic;
				DEVELOPMENT_ASSET_PATHS = "\"iosApp/Preview Content\"";
				DEVELOPMENT_TEAM = P3R8YQEV4L;
				ENABLE_PREVIEWS = YES;
				FRAMEWORK_SEARCH_PATHS = "$(inherited)";
				"FRAMEWORK_SEARCH_PATHS[sdk=iphoneos*]" = (
					"$(inherited)",
					"$(SRCROOT)/../composeApp/build/iosDepsBuild/Products/Debug-iphoneos",
				);
				"FRAMEWORK_SEARCH_PATHS[sdk=iphonesimulator*]" = (
					"$(inherited)",
					"$(SRCROOT)/../composeApp/build/iosDepsBuild/Products/Debug-iphonesimulator",
				);
				GENERATE_INFOPLIST_FILE = YES;
				INFOPLIST_FILE = iosApp/Info.plist;
				INFOPLIST_KEY_CFBundleDisplayName = "nRF Matter";
				INFOPLIST_KEY_LSApplicationCategoryType = "public.app-category.developer-tools";
				INFOPLIST_KEY_NSHomeKitUsageDescription = "App needs access to HomeKit to commission and control Matter devices.";
				INFOPLIST_KEY_NSLocalNetworkUsageDescription = "App needs access to local network to discover Matter devices.";
				INFOPLIST_KEY_UIApplicationSceneManifest_Generation = YES;
				INFOPLIST_KEY_UIApplicationSupportsIndirectInputEvents = YES;
				INFOPLIST_KEY_UILaunchStoryboardName = SplashScreen.storyboard;
				INFOPLIST_KEY_UISupportedInterfaceOrientations_iPad = "UIInterfaceOrientationPortrait UIInterfaceOrientationPortraitUpsideDown UIInterfaceOrientationLandscapeLeft UIInterfaceOrientationLandscapeRight";
				INFOPLIST_KEY_UISupportedInterfaceOrientations_iPhone = "UIInterfaceOrientationPortrait UIInterfaceOrientationLandscapeLeft UIInterfaceOrientationLandscapeRight";
				IPHONEOS_DEPLOYMENT_TARGET = 26.0;
				LD_RUNPATH_SEARCH_PATHS = (
					"$(inherited)",
					"@executable_path/Frameworks",
					"$(PROJECT_DIR)/Frameworks",
				);
				PRODUCT_BUNDLE_IDENTIFIER = com.nordicsemi.nrf.matter;
				PROVISIONING_PROFILE_SPECIFIER = "";
				SWIFT_EMIT_LOC_STRINGS = YES;
				SWIFT_VERSION = 6.0;
				TARGETED_DEVICE_FAMILY = "1,2";
			};
			name = Debug;
		};
		844B77321B55C4E05E6DA7F6 /* Release */ = {
			isa = XCBuildConfiguration;
			buildSettings = {
				ASSETCATALOG_COMPILER_APPICON_NAME = AppIcon;
				"ASSETCATALOG_COMPILER_APPICON_NAME[sdk=iphoneos*]" = AppIcon;
				ASSETCATALOG_COMPILER_GLOBAL_ACCENT_COLOR_NAME = AccentColor;
				ASSETCATALOG_COMPILER_INCLUDE_ALL_APPICON_ASSETS = YES;
				CODE_SIGN_ENTITLEMENTS = iosApp/iosApp.entitlements;
				CODE_SIGN_IDENTITY = "Apple Distribution";
				"CODE_SIGN_IDENTITY[sdk=iphoneos*]" = "Apple Distribution";
				CODE_SIGN_STYLE = Manual;
				DEVELOPMENT_ASSET_PATHS = "\"iosApp/Preview Content\"";
				DEVELOPMENT_TEAM = P3R8YQEV4L;
				"DEVELOPMENT_TEAM[sdk=iphoneos*]" = P3R8YQEV4L;
				ENABLE_PREVIEWS = YES;
				FRAMEWORK_SEARCH_PATHS = "$(inherited)";
				"FRAMEWORK_SEARCH_PATHS[sdk=iphoneos*]" = (
					"$(inherited)",
					"$(SRCROOT)/../composeApp/build/iosDepsBuild/Products/Debug-iphoneos",
				);
				"FRAMEWORK_SEARCH_PATHS[sdk=iphonesimulator*]" = (
					"$(inherited)",
					"$(SRCROOT)/../composeApp/build/iosDepsBuild/Products/Debug-iphonesimulator",
				);
				GENERATE_INFOPLIST_FILE = YES;
				INFOPLIST_FILE = iosApp/Info.plist;
				INFOPLIST_KEY_CFBundleDisplayName = "nRF Matter";
				INFOPLIST_KEY_LSApplicationCategoryType = "public.app-category.developer-tools";
				INFOPLIST_KEY_NSHomeKitUsageDescription = "App needs access to HomeKit to commission and control Matter devices.";
				INFOPLIST_KEY_NSLocalNetworkUsageDescription = "App needs access to local network to discover Matter devices.";
				INFOPLIST_KEY_UIApplicationSceneManifest_Generation = YES;
				INFOPLIST_KEY_UIApplicationSupportsIndirectInputEvents = YES;
				INFOPLIST_KEY_UILaunchStoryboardName = SplashScreen.storyboard;
				INFOPLIST_KEY_UISupportedInterfaceOrientations_iPad = "UIInterfaceOrientationPortrait UIInterfaceOrientationPortraitUpsideDown UIInterfaceOrientationLandscapeLeft UIInterfaceOrientationLandscapeRight";
				INFOPLIST_KEY_UISupportedInterfaceOrientations_iPhone = "UIInterfaceOrientationPortrait UIInterfaceOrientationLandscapeLeft UIInterfaceOrientationLandscapeRight";
				IPHONEOS_DEPLOYMENT_TARGET = 26.0;
				LD_RUNPATH_SEARCH_PATHS = (
					"$(inherited)",
					"@executable_path/Frameworks",
					"$(PROJECT_DIR)/Frameworks",
				);
				PRODUCT_BUNDLE_IDENTIFIER = com.nordicsemi.nrf.matter;
				PROVISIONING_PROFILE_SPECIFIER = "match AppStore com.nordicsemi.nrf.matter";
				"PROVISIONING_PROFILE_SPECIFIER[sdk=iphoneos*]" = "match AppStore com.nordicsemi.nrf.matter";
				SWIFT_EMIT_LOC_STRINGS = YES;
				SWIFT_VERSION = 6.0;
				TARGETED_DEVICE_FAMILY = "1,2";
			};
			name = Release;
		};
		9A78E56FFB9CBE629A724AF4 /* Debug */ = {
			isa = XCBuildConfiguration;
			baseConfigurationReferenceAnchor = 924494A307E640B6954B6B71 /* Configuration */;
			baseConfigurationReferenceRelativePath = Config.xcconfig;
			buildSettings = {
				ALWAYS_SEARCH_USER_PATHS = NO;
				ASSETCATALOG_COMPILER_GENERATE_SWIFT_ASSET_SYMBOL_EXTENSIONS = YES;
				CLANG_ANALYZER_NONNULL = YES;
				CLANG_ANALYZER_NUMBER_OBJECT_CONVERSION = YES_AGGRESSIVE;
				CLANG_CXX_LANGUAGE_STANDARD = "gnu++20";
				CLANG_ENABLE_MODULES = YES;
				CLANG_ENABLE_OBJC_ARC = YES;
				CLANG_ENABLE_OBJC_WEAK = YES;
				CLANG_WARN_BLOCK_CAPTURE_AUTORELEASING = YES;
				CLANG_WARN_BOOL_CONVERSION = YES;
				CLANG_WARN_COMMA = YES;
				CLANG_WARN_CONSTANT_CONVERSION = YES;
				CLANG_WARN_DEPRECATED_OBJC_IMPLEMENTATIONS = YES;
				CLANG_WARN_DIRECT_OBJC_ISA_USAGE = YES_ERROR;
				CLANG_WARN_DOCUMENTATION_COMMENTS = YES;
				CLANG_WARN_EMPTY_BODY = YES;
				CLANG_WARN_ENUM_CONVERSION = YES;
				CLANG_WARN_INFINITE_RECURSION = YES;
				CLANG_WARN_INT_CONVERSION = YES;
				CLANG_WARN_NON_LITERAL_NULL_CONVERSION = YES;
				CLANG_WARN_OBJC_IMPLICIT_RETAIN_SELF = YES;
				CLANG_WARN_OBJC_LITERAL_CONVERSION = YES;
				CLANG_WARN_OBJC_ROOT_CLASS = YES_ERROR;
				CLANG_WARN_QUOTED_INCLUDE_IN_FRAMEWORK_HEADER = YES;
				CLANG_WARN_RANGE_LOOP_ANALYSIS = YES;
				CLANG_WARN_STRICT_PROTOTYPES = YES;
				CLANG_WARN_SUSPICIOUS_MOVE = YES;
				CLANG_WARN_UNGUARDED_AVAILABILITY = YES_AGGRESSIVE;
				CLANG_WARN_UNREACHABLE_CODE = YES;
				CLANG_WARN__DUPLICATE_METHOD_MATCH = YES;
				COPY_PHASE_STRIP = NO;
				DEBUG_INFORMATION_FORMAT = dwarf;
				DEVELOPMENT_TEAM = FMUM4YN89C;
				ENABLE_STRICT_OBJC_MSGSEND = YES;
				ENABLE_TESTABILITY = YES;
				ENABLE_USER_SCRIPT_SANDBOXING = NO;
				GCC_C_LANGUAGE_STANDARD = gnu17;
				GCC_DYNAMIC_NO_PIC = NO;
				GCC_NO_COMMON_BLOCKS = YES;
				GCC_OPTIMIZATION_LEVEL = 0;
				GCC_PREPROCESSOR_DEFINITIONS = (
					"DEBUG=1",
					"$(inherited)",
				);
				GCC_WARN_64_TO_32_BIT_CONVERSION = YES;
				GCC_WARN_ABOUT_RETURN_TYPE = YES_ERROR;
				GCC_WARN_UNDECLARED_SELECTOR = YES;
				GCC_WARN_UNINITIALIZED_AUTOS = YES_AGGRESSIVE;
				GCC_WARN_UNUSED_FUNCTION = YES;
				GCC_WARN_UNUSED_VARIABLE = YES;
				IPHONEOS_DEPLOYMENT_TARGET = 26.0;
				LOCALIZATION_PREFERS_STRING_CATALOGS = YES;
				MTL_ENABLE_DEBUG_INFO = INCLUDE_SOURCE;
				MTL_FAST_MATH = YES;
				ONLY_ACTIVE_ARCH = YES;
				SDKROOT = iphoneos;
				STRING_CATALOG_GENERATE_SYMBOLS = YES;
				SWIFT_ACTIVE_COMPILATION_CONDITIONS = "DEBUG $(inherited)";
				SWIFT_OPTIMIZATION_LEVEL = "-Onone";
			};
			name = Debug;
		};
		A725F1C32F4DAACB005BC977 /* Debug */ = {
			isa = XCBuildConfiguration;
			buildSettings = {
				CODE_SIGN_ENTITLEMENTS = nrfMatter/nrfMatter.entitlements;
				CODE_SIGN_IDENTITY = "Apple Development";
				CODE_SIGN_STYLE = Automatic;
				CURRENT_PROJECT_VERSION = 1;
				DEVELOPMENT_TEAM = P3R8YQEV4L;
				ENABLE_USER_SCRIPT_SANDBOXING = NO;
				GENERATE_INFOPLIST_FILE = YES;
				INFOPLIST_FILE = nrfMatter/Info.plist;
				INFOPLIST_KEY_CFBundleDisplayName = nrfMatter;
				INFOPLIST_KEY_NSHumanReadableCopyright = "";
				IPHONEOS_DEPLOYMENT_TARGET = 26.0;
				LD_RUNPATH_SEARCH_PATHS = (
					"$(inherited)",
					"@executable_path/Frameworks",
					"@executable_path/../../Frameworks",
				);
				MARKETING_VERSION = 1.0;
				PRODUCT_BUNDLE_IDENTIFIER = com.nordicsemi.nrf.matter.extension;
				PRODUCT_NAME = "$(TARGET_NAME)";
				PROVISIONING_PROFILE_SPECIFIER = "";
				SKIP_INSTALL = YES;
				STRING_CATALOG_GENERATE_SYMBOLS = YES;
				SWIFT_APPROACHABLE_CONCURRENCY = YES;
				SWIFT_EMIT_LOC_STRINGS = YES;
				SWIFT_UPCOMING_FEATURE_MEMBER_IMPORT_VISIBILITY = YES;
				SWIFT_VERSION = 5.0;
				TARGETED_DEVICE_FAMILY = "1,2";
			};
			name = Debug;
		};
		A725F1C42F4DAACB005BC977 /* Release */ = {
			isa = XCBuildConfiguration;
			buildSettings = {
				CODE_SIGN_ENTITLEMENTS = nrfMatter/nrfMatter.entitlements;
				CODE_SIGN_IDENTITY = "Apple Distribution";
				CODE_SIGN_STYLE = Manual;
				CURRENT_PROJECT_VERSION = 1;
				DEVELOPMENT_TEAM = P3R8YQEV4L;
				ENABLE_USER_SCRIPT_SANDBOXING = NO;
				GENERATE_INFOPLIST_FILE = YES;
				INFOPLIST_FILE = nrfMatter/Info.plist;
				INFOPLIST_KEY_CFBundleDisplayName = nrfMatter;
				INFOPLIST_KEY_NSHumanReadableCopyright = "";
				IPHONEOS_DEPLOYMENT_TARGET = 26.0;
				LD_RUNPATH_SEARCH_PATHS = (
					"$(inherited)",
					"@executable_path/Frameworks",
					"@executable_path/../../Frameworks",
				);
				MARKETING_VERSION = 1.0;
				PRODUCT_BUNDLE_IDENTIFIER = com.nordicsemi.nrf.matter.extension;
				PRODUCT_NAME = "$(TARGET_NAME)";
				PROVISIONING_PROFILE_SPECIFIER = "match AppStore com.nordicsemi.nrf.matter.extension";
				SKIP_INSTALL = YES;
				STRING_CATALOG_GENERATE_SYMBOLS = YES;
				SWIFT_APPROACHABLE_CONCURRENCY = YES;
				SWIFT_EMIT_LOC_STRINGS = YES;
				SWIFT_UPCOMING_FEATURE_MEMBER_IMPORT_VISIBILITY = YES;
				SWIFT_VERSION = 5.0;
				TARGETED_DEVICE_FAMILY = "1,2";
			};
			name = Release;
		};
		A7B81C572FF7EAA0000AF7E4 /* Debug */ = {
			isa = XCBuildConfiguration;
			buildSettings = {
				CODE_SIGN_STYLE = Automatic;
				CURRENT_PROJECT_VERSION = 1;
				DEVELOPMENT_TEAM = P3R8YQEV4L;
				ENABLE_USER_SCRIPT_SANDBOXING = YES;
				GENERATE_INFOPLIST_FILE = YES;
				IPHONEOS_DEPLOYMENT_TARGET = 26.5;
				MARKETING_VERSION = 1.0;
				PRODUCT_BUNDLE_IDENTIFIER = com.nordicsemi.nrf.matter.iosAppUITests;
				PRODUCT_NAME = "$(TARGET_NAME)";
				STRING_CATALOG_GENERATE_SYMBOLS = NO;
				SWIFT_APPROACHABLE_CONCURRENCY = YES;
				SWIFT_EMIT_LOC_STRINGS = NO;
				SWIFT_UPCOMING_FEATURE_MEMBER_IMPORT_VISIBILITY = YES;
				SWIFT_VERSION = 5.0;
				TARGETED_DEVICE_FAMILY = "1,2";
				TEST_TARGET_NAME = iosApp;
			};
			name = Debug;
		};
		A7B81C582FF7EAA0000AF7E4 /* Release */ = {
			isa = XCBuildConfiguration;
			buildSettings = {
				CODE_SIGN_STYLE = Automatic;
				CURRENT_PROJECT_VERSION = 1;
				DEVELOPMENT_TEAM = P3R8YQEV4L;
				ENABLE_USER_SCRIPT_SANDBOXING = YES;
				GENERATE_INFOPLIST_FILE = YES;
				IPHONEOS_DEPLOYMENT_TARGET = 26.5;
				MARKETING_VERSION = 1.0;
				PRODUCT_BUNDLE_IDENTIFIER = com.nordicsemi.nrf.matter.iosAppUITests;
				PRODUCT_NAME = "$(TARGET_NAME)";
				STRING_CATALOG_GENERATE_SYMBOLS = NO;
				SWIFT_APPROACHABLE_CONCURRENCY = YES;
				SWIFT_EMIT_LOC_STRINGS = NO;
				SWIFT_UPCOMING_FEATURE_MEMBER_IMPORT_VISIBILITY = YES;
				SWIFT_VERSION = 5.0;
				TARGETED_DEVICE_FAMILY = "1,2";
				TEST_TARGET_NAME = iosApp;
			};
			name = Release;
		};
/* End XCBuildConfiguration section */

/* Begin XCConfigurationList section */
		9B9888AF81B0BE32C7AB8636 /* Build configuration list for PBXProject "iosApp" */ = {
			isa = XCConfigurationList;
			buildConfigurations = (
				9A78E56FFB9CBE629A724AF4 /* Debug */,
				1A8898E55ED825D0439EB64A /* Release */,
			);
			defaultConfigurationIsVisible = 0;
			defaultConfigurationName = Release;
		};
		A725F1C22F4DAACB005BC977 /* Build configuration list for PBXNativeTarget "nrfMatter" */ = {
			isa = XCConfigurationList;
			buildConfigurations = (
				A725F1C32F4DAACB005BC977 /* Debug */,
				A725F1C42F4DAACB005BC977 /* Release */,
			);
			defaultConfigurationIsVisible = 0;
			defaultConfigurationName = Release;
		};
		A7B81C562FF7EAA0000AF7E4 /* Build configuration list for PBXNativeTarget "iosAppUITests" */ = {
			isa = XCConfigurationList;
			buildConfigurations = (
				A7B81C572FF7EAA0000AF7E4 /* Debug */,
				A7B81C582FF7EAA0000AF7E4 /* Release */,
			);
			defaultConfigurationIsVisible = 0;
			defaultConfigurationName = Release;
		};
		E01658620AD5782A7A5000C4 /* Build configuration list for PBXNativeTarget "iosApp" */ = {
			isa = XCConfigurationList;
			buildConfigurations = (
				776C57B1E0533A6AC0C8BDE1 /* Debug */,
				844B77321B55C4E05E6DA7F6 /* Release */,
			);
			defaultConfigurationIsVisible = 0;
			defaultConfigurationName = Release;
		};
/* End XCConfigurationList section */

/* Begin XCRemoteSwiftPackageReference section */
		A7DEDDBF2FA8A80D00196D69 /* XCRemoteSwiftPackageReference "Pulse" */ = {
			isa = XCRemoteSwiftPackageReference;
			repositoryURL = "https://github.com/kean/Pulse";
			requirement = {
				kind = upToNextMajorVersion;
				minimumVersion = 5.2.1;
			};
		};
/* End XCRemoteSwiftPackageReference section */

/* Begin XCSwiftPackageProductDependency section */
		A7DEDDC02FA8A80D00196D69 /* Pulse */ = {
			isa = XCSwiftPackageProductDependency;
			package = A7DEDDBF2FA8A80D00196D69 /* XCRemoteSwiftPackageReference "Pulse" */;
			productName = Pulse;
		};
/* End XCSwiftPackageProductDependency section */
	};
	rootObject = 1D3437AFA1B1BD836742FA45 /* Project object */;
}
